// !$*UTF8*$!
{
	archiveVersion = 1;
	classes = {
	};
	objectVersion = 46;
	objects = {

/* Begin PBXBuildFile section */
		54FA16D81B72D31800A64DA1 /* testevents.json in Resources */ = {isa = PBXBuildFile; fileRef = 54FA16D71B72D31800A64DA1 /* testevents.json */; };
		54FA16DA1B7326AE00A64DA1 /* Event.swift in Sources */ = {isa = PBXBuildFile; fileRef = 54FA16D91B7326AE00A64DA1 /* Event.swift */; };
		6E65D9C41B6AE6E200D4388F /* Contacts2ViewController.swift in Sources */ = {isa = PBXBuildFile; fileRef = 6E65D9C31B6AE6E200D4388F /* Contacts2ViewController.swift */; };
		6E65D9C61B6AE97C00D4388F /* FAQViewController.swift in Sources */ = {isa = PBXBuildFile; fileRef = 6E65D9C51B6AE97C00D4388F /* FAQViewController.swift */; };
		6E65D9C81B6AEBD500D4388F /* SettingsViewController.swift in Sources */ = {isa = PBXBuildFile; fileRef = 6E65D9C71B6AEBD500D4388F /* SettingsViewController.swift */; };
		6EBD33231B6BCA7300A82CB3 /* fdaa9272af90a3d76768e45e9fffe9a93519d59e.jpg in Resources */ = {isa = PBXBuildFile; fileRef = 6EBD33221B6BCA7300A82CB3 /* fdaa9272af90a3d76768e45e9fffe9a93519d59e.jpg */; };
		B10281F41B72E765000CCD42 /* CDK_Intern_app_Development.mobileprovision in Resources */ = {isa = PBXBuildFile; fileRef = B10281F31B72E765000CCD42 /* CDK_Intern_app_Development.mobileprovision */; };
		B10281F61B741FC0000CCD42 /* LoopBack.framework in Frameworks */ = {isa = PBXBuildFile; fileRef = B10281F51B741FC0000CCD42 /* LoopBack.framework */; };
		B17438E81B71681400C8D941 /* Group.h in Sources */ = {isa = PBXBuildFile; fileRef = B17438E71B71681400C8D941 /* Group.h */; };
		B17438EC1B716CD600C8D941 /* MeetupCommunicator.m in Sources */ = {isa = PBXBuildFile; fileRef = B17438EB1B716CD600C8D941 /* MeetupCommunicator.m */; };
		B1D6CD7A1B717314003B4BCF /* GroupBuilder.m in Sources */ = {isa = PBXBuildFile; fileRef = B1D6CD791B717314003B4BCF /* GroupBuilder.m */; };
		B1D6CD801B717443003B4BCF /* MeetupManager.m in Sources */ = {isa = PBXBuildFile; fileRef = B1D6CD7F1B717443003B4BCF /* MeetupManager.m */; };
		B1D6CD831B71796F003B4BCF /* MasterViewController.m in Sources */ = {isa = PBXBuildFile; fileRef = B1D6CD821B71796F003B4BCF /* MasterViewController.m */; };
		B1D6CD871B717BA1003B4BCF /* DetailCell.m in Sources */ = {isa = PBXBuildFile; fileRef = B1D6CD861B717BA1003B4BCF /* DetailCell.m */; };
		B1D6CD891B717C25003B4BCF /* Group.m in Sources */ = {isa = PBXBuildFile; fileRef = B1D6CD881B717C25003B4BCF /* Group.m */; };
		B1D6CD8C1B717C87003B4BCF /* AppDelegate.m in Sources */ = {isa = PBXBuildFile; fileRef = B1D6CD8B1B717C87003B4BCF /* AppDelegate.m */; };
		CFAE57801B715B1700DC75A0 /* DataManager.swift in Sources */ = {isa = PBXBuildFile; fileRef = CFAE577F1B715B1700DC75A0 /* DataManager.swift */; };
		CFAE57841B71629C00DC75A0 /* AppModel.swift in Sources */ = {isa = PBXBuildFile; fileRef = CFAE57831B71629C00DC75A0 /* AppModel.swift */; };
		CFAE57921B72B16300DC75A0 /* Contact.swift in Sources */ = {isa = PBXBuildFile; fileRef = CFAE57911B72B16300DC75A0 /* Contact.swift */; };
		CFAE57941B72B19E00DC75A0 /* Message.swift in Sources */ = {isa = PBXBuildFile; fileRef = CFAE57931B72B19E00DC75A0 /* Message.swift */; };
		D41B18171B7155620016E0BD /* testauthors.json in Resources */ = {isa = PBXBuildFile; fileRef = D41B18151B7155620016E0BD /* testauthors.json */; };
		D41B18181B7155620016E0BD /* testmessages.json in Resources */ = {isa = PBXBuildFile; fileRef = D41B18161B7155620016E0BD /* testmessages.json */; };
		D41B18221B72AAB70016E0BD /* SwiftyJSON.swift in Frameworks */ = {isa = PBXBuildFile; fileRef = D41B18211B72AAB70016E0BD /* SwiftyJSON.swift */; };
		D41B18241B72ABB70016E0BD /* SwiftyJSON1.swift in Sources */ = {isa = PBXBuildFile; fileRef = D41B18231B72ABB70016E0BD /* SwiftyJSON1.swift */; };
		D41B18271B72C2290016E0BD /* Background.jpg in Resources */ = {isa = PBXBuildFile; fileRef = D41B18251B72C2290016E0BD /* Background.jpg */; };
		D41B18281B72C2290016E0BD /* backgroundwhiteblurred.jpg in Resources */ = {isa = PBXBuildFile; fileRef = D41B18261B72C2290016E0BD /* backgroundwhiteblurred.jpg */; };
		D41B182B1B72C3EF0016E0BD /* AddButton.png in Resources */ = {isa = PBXBuildFile; fileRef = D41B18291B72C3EF0016E0BD /* AddButton.png */; };
		D420FB601B791CA400137AA3 /* Locksmith.swift in Sources */ = {isa = PBXBuildFile; fileRef = D420FB5E1B791CA400137AA3 /* Locksmith.swift */; };
		D420FB611B791CA400137AA3 /* LocksmithRequest.swift in Sources */ = {isa = PBXBuildFile; fileRef = D420FB5F1B791CA400137AA3 /* LocksmithRequest.swift */; };
		D420FB631B79493800137AA3 /* RegisterViewController.swift in Sources */ = {isa = PBXBuildFile; fileRef = D420FB621B79493800137AA3 /* RegisterViewController.swift */; };
		D42600891B7BB56C00335CD9 /* animals-funny-cats.jpg in Resources */ = {isa = PBXBuildFile; fileRef = D42600881B7BB56C00335CD9 /* animals-funny-cats.jpg */; };
		D426008B1B7BF36E00335CD9 /* DetailViewController.swift in Sources */ = {isa = PBXBuildFile; fileRef = D426008A1B7BF36E00335CD9 /* DetailViewController.swift */; };
		D426008D1B7C03E200335CD9 /* Main.storyboard in Resources */ = {isa = PBXBuildFile; fileRef = D426008C1B7C03E200335CD9 /* Main.storyboard */; };
		D42600A61B8255AB00335CD9 /* Bolts.framework in Frameworks */ = {isa = PBXBuildFile; fileRef = D42600A01B8255AB00335CD9 /* Bolts.framework */; };
		D42600A71B8255AB00335CD9 /* Parse.framework in Frameworks */ = {isa = PBXBuildFile; fileRef = D42600A11B8255AB00335CD9 /* Parse.framework */; };
		D42600A81B8255AB00335CD9 /* ParseCrashReporting.framework in Frameworks */ = {isa = PBXBuildFile; fileRef = D42600A21B8255AB00335CD9 /* ParseCrashReporting.framework */; };
		D42600A91B8255AB00335CD9 /* ParseFacebookUtils.framework in Frameworks */ = {isa = PBXBuildFile; fileRef = D42600A31B8255AB00335CD9 /* ParseFacebookUtils.framework */; };
		D42600AA1B8255AB00335CD9 /* ParseFacebookUtilsV4.framework in Frameworks */ = {isa = PBXBuildFile; fileRef = D42600A41B8255AB00335CD9 /* ParseFacebookUtilsV4.framework */; };
		D42600AB1B8255AB00335CD9 /* ParseUI.framework in Frameworks */ = {isa = PBXBuildFile; fileRef = D42600A51B8255AB00335CD9 /* ParseUI.framework */; };
		D42600AD1B825B0400335CD9 /* addEventContoller.swift in Sources */ = {isa = PBXBuildFile; fileRef = D42600AC1B825B0400335CD9 /* addEventContoller.swift */; };
		D42600AF1B82AE8300335CD9 /* Profile-Laughing-Circle-BIG.png in Resources */ = {isa = PBXBuildFile; fileRef = D42600AE1B82AE8300335CD9 /* Profile-Laughing-Circle-BIG.png */; };
		D42600B51B82AE9400335CD9 /* add139.png in Resources */ = {isa = PBXBuildFile; fileRef = D42600B01B82AE9400335CD9 /* add139.png */; };
		D42600B61B82AE9400335CD9 /* email19.png in Resources */ = {isa = PBXBuildFile; fileRef = D42600B11B82AE9400335CD9 /* email19.png */; };
		D42600B71B82AE9400335CD9 /* message30.png in Resources */ = {isa = PBXBuildFile; fileRef = D42600B21B82AE9400335CD9 /* message30.png */; };
		D42600B81B82AE9400335CD9 /* pin56.png in Resources */ = {isa = PBXBuildFile; fileRef = D42600B31B82AE9400335CD9 /* pin56.png */; };
		D42600B91B82AE9400335CD9 /* telephone5.png in Resources */ = {isa = PBXBuildFile; fileRef = D42600B41B82AE9400335CD9 /* telephone5.png */; };
		D42E18721B6A9A5100DA2A31 /* DBViewController.swift in Sources */ = {isa = PBXBuildFile; fileRef = D42E18711B6A9A5100DA2A31 /* DBViewController.swift */; };
		D42E18741B6ACFE000DA2A31 /* CalendarViewController.swift in Sources */ = {isa = PBXBuildFile; fileRef = D42E18731B6ACFE000DA2A31 /* CalendarViewController.swift */; };
		D470598B1B79165500DBE83F /* CDK-Global-formerly-ADP.png in Resources */ = {isa = PBXBuildFile; fileRef = D470598A1B79165500DBE83F /* CDK-Global-formerly-ADP.png */; };
		D492EC8D1B742FB000339821 /* FAQ.swift in Sources */ = {isa = PBXBuildFile; fileRef = D492EC8C1B742FB000339821 /* FAQ.swift */; };
		D492EC951B744BD400339821 /* Quicksand_Dash.otf in Resources */ = {isa = PBXBuildFile; fileRef = D492EC8E1B744BD400339821 /* Quicksand_Dash.otf */; };
		D492EC961B744BD400339821 /* Quicksand_Dash.otf in Resources */ = {isa = PBXBuildFile; fileRef = D492EC8E1B744BD400339821 /* Quicksand_Dash.otf */; };
		D492EC971B744BD400339821 /* Quicksand-Bold.otf in Resources */ = {isa = PBXBuildFile; fileRef = D492EC8F1B744BD400339821 /* Quicksand-Bold.otf */; };
		D492EC981B744BD400339821 /* Quicksand-Bold.otf in Resources */ = {isa = PBXBuildFile; fileRef = D492EC8F1B744BD400339821 /* Quicksand-Bold.otf */; };
		D492EC991B744BD400339821 /* Quicksand-BoldItalic.otf in Resources */ = {isa = PBXBuildFile; fileRef = D492EC901B744BD400339821 /* Quicksand-BoldItalic.otf */; };
		D492EC9A1B744BD400339821 /* Quicksand-BoldItalic.otf in Resources */ = {isa = PBXBuildFile; fileRef = D492EC901B744BD400339821 /* Quicksand-BoldItalic.otf */; };
		D492EC9B1B744BD400339821 /* Quicksand-Italic.otf in Resources */ = {isa = PBXBuildFile; fileRef = D492EC911B744BD400339821 /* Quicksand-Italic.otf */; };
		D492EC9C1B744BD400339821 /* Quicksand-Italic.otf in Resources */ = {isa = PBXBuildFile; fileRef = D492EC911B744BD400339821 /* Quicksand-Italic.otf */; };
		D492EC9D1B744BD400339821 /* Quicksand-Light.otf in Resources */ = {isa = PBXBuildFile; fileRef = D492EC921B744BD400339821 /* Quicksand-Light.otf */; };
		D492EC9E1B744BD400339821 /* Quicksand-Light.otf in Resources */ = {isa = PBXBuildFile; fileRef = D492EC921B744BD400339821 /* Quicksand-Light.otf */; };
		D492EC9F1B744BD400339821 /* Quicksand-LightItalic.otf in Resources */ = {isa = PBXBuildFile; fileRef = D492EC931B744BD400339821 /* Quicksand-LightItalic.otf */; };
		D492ECA01B744BD400339821 /* Quicksand-LightItalic.otf in Resources */ = {isa = PBXBuildFile; fileRef = D492EC931B744BD400339821 /* Quicksand-LightItalic.otf */; };
		D492ECA11B744BD400339821 /* Quicksand-Regular.otf in Resources */ = {isa = PBXBuildFile; fileRef = D492EC941B744BD400339821 /* Quicksand-Regular.otf */; };
		D492ECA21B744BD400339821 /* Quicksand-Regular.otf in Resources */ = {isa = PBXBuildFile; fileRef = D492EC941B744BD400339821 /* Quicksand-Regular.otf */; };
		D492ECA71B74585300339821 /* backgroundwhiteblurred.jpg in Resources */ = {isa = PBXBuildFile; fileRef = D492ECA61B74585300339821 /* backgroundwhiteblurred.jpg */; };
		D492ECA81B74585300339821 /* backgroundwhiteblurred.jpg in Resources */ = {isa = PBXBuildFile; fileRef = D492ECA61B74585300339821 /* backgroundwhiteblurred.jpg */; };
		D497A6C91B66DB7900653999 /* EditViewController.swift in Sources */ = {isa = PBXBuildFile; fileRef = D497A6C81B66DB7900653999 /* EditViewController.swift */; };
		D49DB8611B68305D00EC120F /* AudioToolbox.framework in Frameworks */ = {isa = PBXBuildFile; fileRef = D49DB8601B68305D00EC120F /* AudioToolbox.framework */; };
		D49DB8631B68306400EC120F /* CFNetwork.framework in Frameworks */ = {isa = PBXBuildFile; fileRef = D49DB8621B68306400EC120F /* CFNetwork.framework */; };
		D49DB8661B68308400EC120F /* CoreGraphics.framework in Frameworks */ = {isa = PBXBuildFile; fileRef = D49DB8641B68308400EC120F /* CoreGraphics.framework */; };
		D49DB8671B68308400EC120F /* Security.framework in Frameworks */ = {isa = PBXBuildFile; fileRef = D49DB8651B68308400EC120F /* Security.framework */; };
		D49DB86D1B6830BF00EC120F /* libsqlite3.dylib in Frameworks */ = {isa = PBXBuildFile; fileRef = D49DB8681B6830BF00EC120F /* libsqlite3.dylib */; };
		D49DB86E1B6830BF00EC120F /* libz.dylib in Frameworks */ = {isa = PBXBuildFile; fileRef = D49DB8691B6830BF00EC120F /* libz.dylib */; };
		D49DB86F1B6830BF00EC120F /* QuartzCore.framework in Frameworks */ = {isa = PBXBuildFile; fileRef = D49DB86A1B6830BF00EC120F /* QuartzCore.framework */; };
		D49DB8701B6830BF00EC120F /* StoreKit.framework in Frameworks */ = {isa = PBXBuildFile; fileRef = D49DB86B1B6830BF00EC120F /* StoreKit.framework */; };
		D49DB8711B6830BF00EC120F /* SystemConfiguration.framework in Frameworks */ = {isa = PBXBuildFile; fileRef = D49DB86C1B6830BF00EC120F /* SystemConfiguration.framework */; };
		D49DB8731B6830D100EC120F /* CoreLocation.framework in Frameworks */ = {isa = PBXBuildFile; fileRef = D49DB8721B6830D100EC120F /* CoreLocation.framework */; };
		D4BE88621B62B6240040E584 /* LoginViewController.swift in Sources */ = {isa = PBXBuildFile; fileRef = D4BE88611B62B6240040E584 /* LoginViewController.swift */; };
		D4CC0A6E1B7A693300A81CCF /* ContactsTableViewController.swift in Sources */ = {isa = PBXBuildFile; fileRef = D4CC0A6D1B7A693300A81CCF /* ContactsTableViewController.swift */; };
		D86143BA1B571A1D00965D49 /* AppDelegate.swift in Sources */ = {isa = PBXBuildFile; fileRef = D86143B91B571A1D00965D49 /* AppDelegate.swift */; };
		D86143BC1B571A1D00965D49 /* ViewController.swift in Sources */ = {isa = PBXBuildFile; fileRef = D86143BB1B571A1D00965D49 /* ViewController.swift */; };
		D86143C11B571A1D00965D49 /* Images.xcassets in Resources */ = {isa = PBXBuildFile; fileRef = D86143C01B571A1D00965D49 /* Images.xcassets */; };
		D86143C41B571A1D00965D49 /* LaunchScreen.xib in Resources */ = {isa = PBXBuildFile; fileRef = D86143C21B571A1D00965D49 /* LaunchScreen.xib */; };
		D86143D01B571A1D00965D49 /* CDK_InternsTests.swift in Sources */ = {isa = PBXBuildFile; fileRef = D86143CF1B571A1D00965D49 /* CDK_InternsTests.swift */; };
		D86143DC1B571C6E00965D49 /* CenterViewController.swift in Sources */ = {isa = PBXBuildFile; fileRef = D86143D91B571C6E00965D49 /* CenterViewController.swift */; };
		D86143DD1B571C6E00965D49 /* ContainerViewController.swift in Sources */ = {isa = PBXBuildFile; fileRef = D86143DA1B571C6E00965D49 /* ContainerViewController.swift */; };
		D86143DE1B571C6E00965D49 /* SidePanelViewController.swift in Sources */ = {isa = PBXBuildFile; fileRef = D86143DB1B571C6E00965D49 /* SidePanelViewController.swift */; };
		D86143E31B571CC600965D49 /* reveal-icon.png in Resources */ = {isa = PBXBuildFile; fileRef = D86143E11B571CC600965D49 /* reveal-icon.png */; };
		D86143E41B571CC600965D49 /* reveal-icon@2x.png in Resources */ = {isa = PBXBuildFile; fileRef = D86143E21B571CC600965D49 /* reveal-icon@2x.png */; };
		D86143E61B571DF100965D49 /* LaunchScreen.xib in Resources */ = {isa = PBXBuildFile; fileRef = D86143E51B571DF100965D49 /* LaunchScreen.xib */; };
		D86143EA1B571E8500965D49 /* CDK_Logo_TM_RGB_MinSize.png in Resources */ = {isa = PBXBuildFile; fileRef = D86143E91B571E8500965D49 /* CDK_Logo_TM_RGB_MinSize.png */; };
		D86143EC1B5720CB00965D49 /* ProfileViewController.swift in Sources */ = {isa = PBXBuildFile; fileRef = D86143EB1B5720CB00965D49 /* ProfileViewController.swift */; };
/* End PBXBuildFile section */

/* Begin PBXContainerItemProxy section */
		D86143CA1B571A1D00965D49 /* PBXContainerItemProxy */ = {
			isa = PBXContainerItemProxy;
			containerPortal = D86143AC1B571A1D00965D49 /* Project object */;
			proxyType = 1;
			remoteGlobalIDString = D86143B31B571A1D00965D49;
			remoteInfo = "CDK Interns";
		};
/* End PBXContainerItemProxy section */

/* Begin PBXFileReference section */
		54FA16D71B72D31800A64DA1 /* testevents.json */ = {isa = PBXFileReference; fileEncoding = 4; lastKnownFileType = text.json; path = testevents.json; sourceTree = "<group>"; };
		54FA16D91B7326AE00A64DA1 /* Event.swift */ = {isa = PBXFileReference; fileEncoding = 4; lastKnownFileType = sourcecode.swift; path = Event.swift; sourceTree = "<group>"; };
		6E65D9C31B6AE6E200D4388F /* Contacts2ViewController.swift */ = {isa = PBXFileReference; fileEncoding = 4; lastKnownFileType = sourcecode.swift; path = Contacts2ViewController.swift; sourceTree = "<group>"; };
		6E65D9C51B6AE97C00D4388F /* FAQViewController.swift */ = {isa = PBXFileReference; fileEncoding = 4; lastKnownFileType = sourcecode.swift; path = FAQViewController.swift; sourceTree = "<group>"; };
		6E65D9C71B6AEBD500D4388F /* SettingsViewController.swift */ = {isa = PBXFileReference; fileEncoding = 4; lastKnownFileType = sourcecode.swift; path = SettingsViewController.swift; sourceTree = "<group>"; };
		6EBD33221B6BCA7300A82CB3 /* fdaa9272af90a3d76768e45e9fffe9a93519d59e.jpg */ = {isa = PBXFileReference; lastKnownFileType = image.jpeg; path = fdaa9272af90a3d76768e45e9fffe9a93519d59e.jpg; sourceTree = "<group>"; };
		B10281F31B72E765000CCD42 /* CDK_Intern_app_Development.mobileprovision */ = {isa = PBXFileReference; lastKnownFileType = file; path = CDK_Intern_app_Development.mobileprovision; sourceTree = "<group>"; };
		B10281F51B741FC0000CCD42 /* LoopBack.framework */ = {isa = PBXFileReference; lastKnownFileType = wrapper.framework; path = LoopBack.framework; sourceTree = "<group>"; };
		B10281F71B742046000CCD42 /* LoopBack.h */ = {isa = PBXFileReference; fileEncoding = 4; lastKnownFileType = sourcecode.c.h; path = LoopBack.h; sourceTree = "<group>"; };
		B17438E61B71681400C8D941 /* CDK Interns-Bridging-Header.h */ = {isa = PBXFileReference; lastKnownFileType = sourcecode.c.h; path = "CDK Interns-Bridging-Header.h"; sourceTree = SOURCE_ROOT; };
		B17438E71B71681400C8D941 /* Group.h */ = {isa = PBXFileReference; fileEncoding = 4; lastKnownFileType = sourcecode.c.h; path = Group.h; sourceTree = "<group>"; };
		B17438E91B716B6A00C8D941 /* MeetupCommunicatorDelegate.h */ = {isa = PBXFileReference; fileEncoding = 4; lastKnownFileType = sourcecode.c.h; path = MeetupCommunicatorDelegate.h; sourceTree = "<group>"; };
		B17438EA1B716CD600C8D941 /* MeetupCommunicator.h */ = {isa = PBXFileReference; fileEncoding = 4; lastKnownFileType = sourcecode.c.h; path = MeetupCommunicator.h; sourceTree = "<group>"; };
		B17438EB1B716CD600C8D941 /* MeetupCommunicator.m */ = {isa = PBXFileReference; fileEncoding = 4; lastKnownFileType = sourcecode.c.objc; path = MeetupCommunicator.m; sourceTree = "<group>"; };
		B1D6CD781B717314003B4BCF /* GroupBuilder.h */ = {isa = PBXFileReference; fileEncoding = 4; lastKnownFileType = sourcecode.c.h; path = GroupBuilder.h; sourceTree = "<group>"; };
		B1D6CD791B717314003B4BCF /* GroupBuilder.m */ = {isa = PBXFileReference; fileEncoding = 4; lastKnownFileType = sourcecode.c.objc; path = GroupBuilder.m; sourceTree = "<group>"; };
		B1D6CD7B1B7173A3003B4BCF /* MeetupManagerDelegate.h */ = {isa = PBXFileReference; fileEncoding = 4; lastKnownFileType = sourcecode.c.h; path = MeetupManagerDelegate.h; sourceTree = "<group>"; };
		B1D6CD7E1B717443003B4BCF /* MeetupManager.h */ = {isa = PBXFileReference; fileEncoding = 4; lastKnownFileType = sourcecode.c.h; path = MeetupManager.h; sourceTree = "<group>"; };
		B1D6CD7F1B717443003B4BCF /* MeetupManager.m */ = {isa = PBXFileReference; fileEncoding = 4; lastKnownFileType = sourcecode.c.objc; path = MeetupManager.m; sourceTree = "<group>"; };
		B1D6CD811B71796F003B4BCF /* MasterViewController.h */ = {isa = PBXFileReference; fileEncoding = 4; lastKnownFileType = sourcecode.c.h; path = MasterViewController.h; sourceTree = "<group>"; };
		B1D6CD821B71796F003B4BCF /* MasterViewController.m */ = {isa = PBXFileReference; fileEncoding = 4; lastKnownFileType = sourcecode.c.objc; path = MasterViewController.m; sourceTree = "<group>"; };
		B1D6CD851B717BA1003B4BCF /* DetailCell.h */ = {isa = PBXFileReference; fileEncoding = 4; lastKnownFileType = sourcecode.c.h; path = DetailCell.h; sourceTree = "<group>"; };
		B1D6CD861B717BA1003B4BCF /* DetailCell.m */ = {isa = PBXFileReference; fileEncoding = 4; lastKnownFileType = sourcecode.c.objc; path = DetailCell.m; sourceTree = "<group>"; };
		B1D6CD881B717C25003B4BCF /* Group.m */ = {isa = PBXFileReference; fileEncoding = 4; lastKnownFileType = sourcecode.c.objc; path = Group.m; sourceTree = "<group>"; };
		B1D6CD8A1B717C87003B4BCF /* AppDelegate.h */ = {isa = PBXFileReference; fileEncoding = 4; lastKnownFileType = sourcecode.c.h; path = AppDelegate.h; sourceTree = "<group>"; };
		B1D6CD8B1B717C87003B4BCF /* AppDelegate.m */ = {isa = PBXFileReference; fileEncoding = 4; lastKnownFileType = sourcecode.c.objc; path = AppDelegate.m; sourceTree = "<group>"; };
		CFAE577F1B715B1700DC75A0 /* DataManager.swift */ = {isa = PBXFileReference; fileEncoding = 4; lastKnownFileType = sourcecode.swift; path = DataManager.swift; sourceTree = "<group>"; };
		CFAE57831B71629C00DC75A0 /* AppModel.swift */ = {isa = PBXFileReference; fileEncoding = 4; lastKnownFileType = sourcecode.swift; path = AppModel.swift; sourceTree = "<group>"; };
		CFAE57911B72B16300DC75A0 /* Contact.swift */ = {isa = PBXFileReference; fileEncoding = 4; lastKnownFileType = sourcecode.swift; path = Contact.swift; sourceTree = "<group>"; };
		CFAE57931B72B19E00DC75A0 /* Message.swift */ = {isa = PBXFileReference; fileEncoding = 4; lastKnownFileType = sourcecode.swift; path = Message.swift; sourceTree = "<group>"; };
		D41B18151B7155620016E0BD /* testauthors.json */ = {isa = PBXFileReference; fileEncoding = 4; lastKnownFileType = text.json; path = testauthors.json; sourceTree = "<group>"; };
		D41B18161B7155620016E0BD /* testmessages.json */ = {isa = PBXFileReference; fileEncoding = 4; lastKnownFileType = text.json; path = testmessages.json; sourceTree = "<group>"; };
		D41B18211B72AAB70016E0BD /* SwiftyJSON.swift */ = {isa = PBXFileReference; lastKnownFileType = sourcecode.swift; name = SwiftyJSON.swift; path = "CDK Interns/SwiftyJSON.swift"; sourceTree = "<group>"; };
		D41B18231B72ABB70016E0BD /* SwiftyJSON1.swift */ = {isa = PBXFileReference; fileEncoding = 4; lastKnownFileType = sourcecode.swift; path = SwiftyJSON1.swift; sourceTree = "<group>"; };
		D41B18251B72C2290016E0BD /* Background.jpg */ = {isa = PBXFileReference; lastKnownFileType = image.jpeg; path = Background.jpg; sourceTree = "<group>"; };
		D41B18261B72C2290016E0BD /* backgroundwhiteblurred.jpg */ = {isa = PBXFileReference; lastKnownFileType = image.jpeg; path = backgroundwhiteblurred.jpg; sourceTree = "<group>"; };
		D41B18291B72C3EF0016E0BD /* AddButton.png */ = {isa = PBXFileReference; lastKnownFileType = image.png; path = AddButton.png; sourceTree = "<group>"; };
		D420FB5E1B791CA400137AA3 /* Locksmith.swift */ = {isa = PBXFileReference; fileEncoding = 4; lastKnownFileType = sourcecode.swift; path = Locksmith.swift; sourceTree = "<group>"; };
		D420FB5F1B791CA400137AA3 /* LocksmithRequest.swift */ = {isa = PBXFileReference; fileEncoding = 4; lastKnownFileType = sourcecode.swift; path = LocksmithRequest.swift; sourceTree = "<group>"; };
		D420FB621B79493800137AA3 /* RegisterViewController.swift */ = {isa = PBXFileReference; fileEncoding = 4; lastKnownFileType = sourcecode.swift; path = RegisterViewController.swift; sourceTree = "<group>"; };
		D42600881B7BB56C00335CD9 /* animals-funny-cats.jpg */ = {isa = PBXFileReference; lastKnownFileType = image.jpeg; name = "animals-funny-cats.jpg"; path = "../../../Backgrounds/animals-funny-cats.jpg"; sourceTree = "<group>"; };
		D426008A1B7BF36E00335CD9 /* DetailViewController.swift */ = {isa = PBXFileReference; fileEncoding = 4; lastKnownFileType = sourcecode.swift; path = DetailViewController.swift; sourceTree = "<group>"; };
		D426008C1B7C03E200335CD9 /* Main.storyboard */ = {isa = PBXFileReference; fileEncoding = 4; lastKnownFileType = file.storyboard; path = Main.storyboard; sourceTree = "<group>"; };
		D42600A01B8255AB00335CD9 /* Bolts.framework */ = {isa = PBXFileReference; lastKnownFileType = wrapper.framework; name = Bolts.framework; path = "parse-library-1.7.5 9.54.17 AM/Bolts.framework"; sourceTree = "<group>"; };
		D42600A11B8255AB00335CD9 /* Parse.framework */ = {isa = PBXFileReference; lastKnownFileType = wrapper.framework; name = Parse.framework; path = "parse-library-1.7.5 9.54.17 AM/Parse.framework"; sourceTree = "<group>"; };
		D42600A21B8255AB00335CD9 /* ParseCrashReporting.framework */ = {isa = PBXFileReference; lastKnownFileType = wrapper.framework; name = ParseCrashReporting.framework; path = "parse-library-1.7.5 9.54.17 AM/ParseCrashReporting.framework"; sourceTree = "<group>"; };
		D42600A31B8255AB00335CD9 /* ParseFacebookUtils.framework */ = {isa = PBXFileReference; lastKnownFileType = wrapper.framework; name = ParseFacebookUtils.framework; path = "parse-library-1.7.5 9.54.17 AM/ParseFacebookUtils.framework"; sourceTree = "<group>"; };
		D42600A41B8255AB00335CD9 /* ParseFacebookUtilsV4.framework */ = {isa = PBXFileReference; lastKnownFileType = wrapper.framework; name = ParseFacebookUtilsV4.framework; path = "parse-library-1.7.5 9.54.17 AM/ParseFacebookUtilsV4.framework"; sourceTree = "<group>"; };
		D42600A51B8255AB00335CD9 /* ParseUI.framework */ = {isa = PBXFileReference; lastKnownFileType = wrapper.framework; name = ParseUI.framework; path = "parse-library-1.7.5 9.54.17 AM/ParseUI.framework"; sourceTree = "<group>"; };
		D42600AC1B825B0400335CD9 /* addEventContoller.swift */ = {isa = PBXFileReference; fileEncoding = 4; lastKnownFileType = sourcecode.swift; path = addEventContoller.swift; sourceTree = "<group>"; };
		D42600AE1B82AE8300335CD9 /* Profile-Laughing-Circle-BIG.png */ = {isa = PBXFileReference; lastKnownFileType = image.png; path = "Profile-Laughing-Circle-BIG.png"; sourceTree = "<group>"; };
		D42600B01B82AE9400335CD9 /* add139.png */ = {isa = PBXFileReference; lastKnownFileType = image.png; path = add139.png; sourceTree = "<group>"; };
		D42600B11B82AE9400335CD9 /* email19.png */ = {isa = PBXFileReference; lastKnownFileType = image.png; path = email19.png; sourceTree = "<group>"; };
		D42600B21B82AE9400335CD9 /* message30.png */ = {isa = PBXFileReference; lastKnownFileType = image.png; path = message30.png; sourceTree = "<group>"; };
		D42600B31B82AE9400335CD9 /* pin56.png */ = {isa = PBXFileReference; lastKnownFileType = image.png; path = pin56.png; sourceTree = "<group>"; };
		D42600B41B82AE9400335CD9 /* telephone5.png */ = {isa = PBXFileReference; lastKnownFileType = image.png; path = telephone5.png; sourceTree = "<group>"; };
		D42E18711B6A9A5100DA2A31 /* DBViewController.swift */ = {isa = PBXFileReference; fileEncoding = 4; lastKnownFileType = sourcecode.swift; path = DBViewController.swift; sourceTree = "<group>"; };
		D42E18731B6ACFE000DA2A31 /* CalendarViewController.swift */ = {isa = PBXFileReference; fileEncoding = 4; lastKnownFileType = sourcecode.swift; path = CalendarViewController.swift; sourceTree = "<group>"; };
		D470598A1B79165500DBE83F /* CDK-Global-formerly-ADP.png */ = {isa = PBXFileReference; lastKnownFileType = image.png; name = "CDK-Global-formerly-ADP.png"; path = "../../../../../Desktop/CDK-Global-formerly-ADP.png"; sourceTree = "<group>"; };
		D492EC8C1B742FB000339821 /* FAQ.swift */ = {isa = PBXFileReference; fileEncoding = 4; lastKnownFileType = sourcecode.swift; path = FAQ.swift; sourceTree = "<group>"; };
		D492EC8E1B744BD400339821 /* Quicksand_Dash.otf */ = {isa = PBXFileReference; lastKnownFileType = file; name = Quicksand_Dash.otf; path = ../../../../../Downloads/quicksand/Quicksand_Dash.otf; sourceTree = "<group>"; };
		D492EC8F1B744BD400339821 /* Quicksand-Bold.otf */ = {isa = PBXFileReference; lastKnownFileType = file; name = "Quicksand-Bold.otf"; path = "../../../../../Downloads/quicksand/Quicksand-Bold.otf"; sourceTree = "<group>"; };
		D492EC901B744BD400339821 /* Quicksand-BoldItalic.otf */ = {isa = PBXFileReference; lastKnownFileType = file; name = "Quicksand-BoldItalic.otf"; path = "../../../../../Downloads/quicksand/Quicksand-BoldItalic.otf"; sourceTree = "<group>"; };
		D492EC911B744BD400339821 /* Quicksand-Italic.otf */ = {isa = PBXFileReference; lastKnownFileType = file; name = "Quicksand-Italic.otf"; path = "../../../../../Downloads/quicksand/Quicksand-Italic.otf"; sourceTree = "<group>"; };
		D492EC921B744BD400339821 /* Quicksand-Light.otf */ = {isa = PBXFileReference; lastKnownFileType = file; name = "Quicksand-Light.otf"; path = "../../../../../Downloads/quicksand/Quicksand-Light.otf"; sourceTree = "<group>"; };
		D492EC931B744BD400339821 /* Quicksand-LightItalic.otf */ = {isa = PBXFileReference; lastKnownFileType = file; name = "Quicksand-LightItalic.otf"; path = "../../../../../Downloads/quicksand/Quicksand-LightItalic.otf"; sourceTree = "<group>"; };
		D492EC941B744BD400339821 /* Quicksand-Regular.otf */ = {isa = PBXFileReference; lastKnownFileType = file; name = "Quicksand-Regular.otf"; path = "../../../../../Downloads/quicksand/Quicksand-Regular.otf"; sourceTree = "<group>"; };
		D492ECA61B74585300339821 /* backgroundwhiteblurred.jpg */ = {isa = PBXFileReference; lastKnownFileType = image.jpeg; name = backgroundwhiteblurred.jpg; path = ../../../../../Desktop/backgroundwhiteblurred.jpg; sourceTree = "<group>"; };
		D497A6C81B66DB7900653999 /* EditViewController.swift */ = {isa = PBXFileReference; fileEncoding = 4; lastKnownFileType = sourcecode.swift; path = EditViewController.swift; sourceTree = "<group>"; };
		D49DB8601B68305D00EC120F /* AudioToolbox.framework */ = {isa = PBXFileReference; lastKnownFileType = wrapper.framework; name = AudioToolbox.framework; path = System/Library/Frameworks/AudioToolbox.framework; sourceTree = SDKROOT; };
		D49DB8621B68306400EC120F /* CFNetwork.framework */ = {isa = PBXFileReference; lastKnownFileType = wrapper.framework; name = CFNetwork.framework; path = System/Library/Frameworks/CFNetwork.framework; sourceTree = SDKROOT; };
		D49DB8641B68308400EC120F /* CoreGraphics.framework */ = {isa = PBXFileReference; lastKnownFileType = wrapper.framework; name = CoreGraphics.framework; path = System/Library/Frameworks/CoreGraphics.framework; sourceTree = SDKROOT; };
		D49DB8651B68308400EC120F /* Security.framework */ = {isa = PBXFileReference; lastKnownFileType = wrapper.framework; name = Security.framework; path = System/Library/Frameworks/Security.framework; sourceTree = SDKROOT; };
		D49DB8681B6830BF00EC120F /* libsqlite3.dylib */ = {isa = PBXFileReference; lastKnownFileType = "compiled.mach-o.dylib"; name = libsqlite3.dylib; path = usr/lib/libsqlite3.dylib; sourceTree = SDKROOT; };
		D49DB8691B6830BF00EC120F /* libz.dylib */ = {isa = PBXFileReference; lastKnownFileType = "compiled.mach-o.dylib"; name = libz.dylib; path = usr/lib/libz.dylib; sourceTree = SDKROOT; };
		D49DB86A1B6830BF00EC120F /* QuartzCore.framework */ = {isa = PBXFileReference; lastKnownFileType = wrapper.framework; name = QuartzCore.framework; path = System/Library/Frameworks/QuartzCore.framework; sourceTree = SDKROOT; };
		D49DB86B1B6830BF00EC120F /* StoreKit.framework */ = {isa = PBXFileReference; lastKnownFileType = wrapper.framework; name = StoreKit.framework; path = System/Library/Frameworks/StoreKit.framework; sourceTree = SDKROOT; };
		D49DB86C1B6830BF00EC120F /* SystemConfiguration.framework */ = {isa = PBXFileReference; lastKnownFileType = wrapper.framework; name = SystemConfiguration.framework; path = System/Library/Frameworks/SystemConfiguration.framework; sourceTree = SDKROOT; };
		D49DB8721B6830D100EC120F /* CoreLocation.framework */ = {isa = PBXFileReference; lastKnownFileType = wrapper.framework; name = CoreLocation.framework; path = System/Library/Frameworks/CoreLocation.framework; sourceTree = SDKROOT; };
		D4BE88611B62B6240040E584 /* LoginViewController.swift */ = {isa = PBXFileReference; fileEncoding = 4; lastKnownFileType = sourcecode.swift; path = LoginViewController.swift; sourceTree = "<group>"; };
		D4CC0A6D1B7A693300A81CCF /* ContactsTableViewController.swift */ = {isa = PBXFileReference; fileEncoding = 4; lastKnownFileType = sourcecode.swift; path = ContactsTableViewController.swift; sourceTree = "<group>"; };
		D86143B41B571A1D00965D49 /* CDK Interns.app */ = {isa = PBXFileReference; explicitFileType = wrapper.application; includeInIndex = 0; path = "CDK Interns.app"; sourceTree = BUILT_PRODUCTS_DIR; };
		D86143B81B571A1D00965D49 /* Info.plist */ = {isa = PBXFileReference; lastKnownFileType = text.plist.xml; path = Info.plist; sourceTree = "<group>"; };
		D86143B91B571A1D00965D49 /* AppDelegate.swift */ = {isa = PBXFileReference; lastKnownFileType = sourcecode.swift; path = AppDelegate.swift; sourceTree = "<group>"; };
		D86143BB1B571A1D00965D49 /* ViewController.swift */ = {isa = PBXFileReference; lastKnownFileType = sourcecode.swift; path = ViewController.swift; sourceTree = "<group>"; };
		D86143C01B571A1D00965D49 /* Images.xcassets */ = {isa = PBXFileReference; lastKnownFileType = folder.assetcatalog; path = Images.xcassets; sourceTree = "<group>"; };
		D86143C31B571A1D00965D49 /* Base */ = {isa = PBXFileReference; lastKnownFileType = file.xib; name = Base; path = Base.lproj/LaunchScreen.xib; sourceTree = "<group>"; };
		D86143C91B571A1D00965D49 /* CDK InternsTests.xctest */ = {isa = PBXFileReference; explicitFileType = wrapper.cfbundle; includeInIndex = 0; path = "CDK InternsTests.xctest"; sourceTree = BUILT_PRODUCTS_DIR; };
		D86143CE1B571A1D00965D49 /* Info.plist */ = {isa = PBXFileReference; lastKnownFileType = text.plist.xml; path = Info.plist; sourceTree = "<group>"; };
		D86143CF1B571A1D00965D49 /* CDK_InternsTests.swift */ = {isa = PBXFileReference; lastKnownFileType = sourcecode.swift; path = CDK_InternsTests.swift; sourceTree = "<group>"; };
		D86143D91B571C6E00965D49 /* CenterViewController.swift */ = {isa = PBXFileReference; fileEncoding = 4; lastKnownFileType = sourcecode.swift; path = CenterViewController.swift; sourceTree = "<group>"; };
		D86143DA1B571C6E00965D49 /* ContainerViewController.swift */ = {isa = PBXFileReference; fileEncoding = 4; lastKnownFileType = sourcecode.swift; path = ContainerViewController.swift; sourceTree = "<group>"; };
		D86143DB1B571C6E00965D49 /* SidePanelViewController.swift */ = {isa = PBXFileReference; fileEncoding = 4; lastKnownFileType = sourcecode.swift; path = SidePanelViewController.swift; sourceTree = "<group>"; };
		D86143E11B571CC600965D49 /* reveal-icon.png */ = {isa = PBXFileReference; lastKnownFileType = image.png; path = "reveal-icon.png"; sourceTree = "<group>"; };
		D86143E21B571CC600965D49 /* reveal-icon@2x.png */ = {isa = PBXFileReference; lastKnownFileType = image.png; path = "reveal-icon@2x.png"; sourceTree = "<group>"; };
		D86143E51B571DF100965D49 /* LaunchScreen.xib */ = {isa = PBXFileReference; fileEncoding = 4; lastKnownFileType = file.xib; path = LaunchScreen.xib; sourceTree = "<group>"; };
		D86143E91B571E8500965D49 /* CDK_Logo_TM_RGB_MinSize.png */ = {isa = PBXFileReference; lastKnownFileType = image.png; path = CDK_Logo_TM_RGB_MinSize.png; sourceTree = "<group>"; };
		D86143EB1B5720CB00965D49 /* ProfileViewController.swift */ = {isa = PBXFileReference; fileEncoding = 4; lastKnownFileType = sourcecode.swift; path = ProfileViewController.swift; sourceTree = "<group>"; };
/* End PBXFileReference section */

/* Begin PBXFrameworksBuildPhase section */
		D86143B11B571A1D00965D49 /* Frameworks */ = {
			isa = PBXFrameworksBuildPhase;
			buildActionMask = 2147483647;
			files = (
				D42600A61B8255AB00335CD9 /* Bolts.framework in Frameworks */,
				D42600A71B8255AB00335CD9 /* Parse.framework in Frameworks */,
				D42600A81B8255AB00335CD9 /* ParseCrashReporting.framework in Frameworks */,
				D42600A91B8255AB00335CD9 /* ParseFacebookUtils.framework in Frameworks */,
				D42600AA1B8255AB00335CD9 /* ParseFacebookUtilsV4.framework in Frameworks */,
				D42600AB1B8255AB00335CD9 /* ParseUI.framework in Frameworks */,
				D41B18221B72AAB70016E0BD /* SwiftyJSON.swift in Frameworks */,
				B10281F61B741FC0000CCD42 /* LoopBack.framework in Frameworks */,
				D49DB8731B6830D100EC120F /* CoreLocation.framework in Frameworks */,
				D49DB86D1B6830BF00EC120F /* libsqlite3.dylib in Frameworks */,
				D49DB86E1B6830BF00EC120F /* libz.dylib in Frameworks */,
				D49DB86F1B6830BF00EC120F /* QuartzCore.framework in Frameworks */,
				D49DB8701B6830BF00EC120F /* StoreKit.framework in Frameworks */,
				D49DB8711B6830BF00EC120F /* SystemConfiguration.framework in Frameworks */,
				D49DB8661B68308400EC120F /* CoreGraphics.framework in Frameworks */,
				D49DB8671B68308400EC120F /* Security.framework in Frameworks */,
				D49DB8631B68306400EC120F /* CFNetwork.framework in Frameworks */,
				D49DB8611B68305D00EC120F /* AudioToolbox.framework in Frameworks */,
			);
			runOnlyForDeploymentPostprocessing = 0;
		};
		D86143C61B571A1D00965D49 /* Frameworks */ = {
			isa = PBXFrameworksBuildPhase;
			buildActionMask = 2147483647;
			files = (
			);
			runOnlyForDeploymentPostprocessing = 0;
		};
/* End PBXFrameworksBuildPhase section */

/* Begin PBXGroup section */
		B1D6CD841B717AB9003B4BCF /* meetup */ = {
			isa = PBXGroup;
			children = (
				B1D6CD8A1B717C87003B4BCF /* AppDelegate.h */,
				B1D6CD8B1B717C87003B4BCF /* AppDelegate.m */,
				B1D6CD851B717BA1003B4BCF /* DetailCell.h */,
				B1D6CD861B717BA1003B4BCF /* DetailCell.m */,
				B1D6CD811B71796F003B4BCF /* MasterViewController.h */,
				B1D6CD821B71796F003B4BCF /* MasterViewController.m */,
				B1D6CD7E1B717443003B4BCF /* MeetupManager.h */,
				B1D6CD7F1B717443003B4BCF /* MeetupManager.m */,
				B1D6CD7B1B7173A3003B4BCF /* MeetupManagerDelegate.h */,
				B17438E71B71681400C8D941 /* Group.h */,
				B1D6CD881B717C25003B4BCF /* Group.m */,
				B17438E91B716B6A00C8D941 /* MeetupCommunicatorDelegate.h */,
				B1D6CD781B717314003B4BCF /* GroupBuilder.h */,
				B1D6CD791B717314003B4BCF /* GroupBuilder.m */,
				B17438EA1B716CD600C8D941 /* MeetupCommunicator.h */,
				B17438EB1B716CD600C8D941 /* MeetupCommunicator.m */,
			);
			name = meetup;
			sourceTree = "<group>";
		};
		D4CC0A701B7A6AF800A81CCF /* Json */ = {
			isa = PBXGroup;
			children = (
				54FA16D91B7326AE00A64DA1 /* Event.swift */,
				CFAE57931B72B19E00DC75A0 /* Message.swift */,
				CFAE57911B72B16300DC75A0 /* Contact.swift */,
				D41B18211B72AAB70016E0BD /* SwiftyJSON.swift */,
			);
			name = Json;
			sourceTree = "<group>";
		};
		D86143AB1B571A1D00965D49 = {
			isa = PBXGroup;
			children = (
				D49DB8721B6830D100EC120F /* CoreLocation.framework */,
				D42600A01B8255AB00335CD9 /* Bolts.framework */,
				D42600A11B8255AB00335CD9 /* Parse.framework */,
				D42600A21B8255AB00335CD9 /* ParseCrashReporting.framework */,
				D42600A31B8255AB00335CD9 /* ParseFacebookUtils.framework */,
				D42600A41B8255AB00335CD9 /* ParseFacebookUtilsV4.framework */,
				D42600A51B8255AB00335CD9 /* ParseUI.framework */,
				D420FB5F1B791CA400137AA3 /* LocksmithRequest.swift */,
				D420FB5E1B791CA400137AA3 /* Locksmith.swift */,
				B10281F71B742046000CCD42 /* LoopBack.h */,
				B1D6CD841B717AB9003B4BCF /* meetup */,
				D4CC0A701B7A6AF800A81CCF /* Json */,
				D49DB8681B6830BF00EC120F /* libsqlite3.dylib */,
				D49DB8691B6830BF00EC120F /* libz.dylib */,
				D49DB86A1B6830BF00EC120F /* QuartzCore.framework */,
				D49DB86B1B6830BF00EC120F /* StoreKit.framework */,
				D49DB86C1B6830BF00EC120F /* SystemConfiguration.framework */,
				D49DB8641B68308400EC120F /* CoreGraphics.framework */,
				D49DB8651B68308400EC120F /* Security.framework */,
				D49DB8621B68306400EC120F /* CFNetwork.framework */,
				D49DB8601B68305D00EC120F /* AudioToolbox.framework */,
				D86143B61B571A1D00965D49 /* CDK Interns */,
				D86143CC1B571A1D00965D49 /* CDK InternsTests */,
				D86143B51B571A1D00965D49 /* Products */,
				B10281F51B741FC0000CCD42 /* LoopBack.framework */,
				B10281F31B72E765000CCD42 /* CDK_Intern_app_Development.mobileprovision */,
			);
			sourceTree = "<group>";
		};
		D86143B51B571A1D00965D49 /* Products */ = {
			isa = PBXGroup;
			children = (
				D86143B41B571A1D00965D49 /* CDK Interns.app */,
				D86143C91B571A1D00965D49 /* CDK InternsTests.xctest */,
			);
			name = Products;
			sourceTree = "<group>";
		};
		D86143B61B571A1D00965D49 /* CDK Interns */ = {
			isa = PBXGroup;
			children = (
				B17438E61B71681400C8D941 /* CDK Interns-Bridging-Header.h */,
				D41B18251B72C2290016E0BD /* Background.jpg */,
				D41B18261B72C2290016E0BD /* backgroundwhiteblurred.jpg */,
				D41B18231B72ABB70016E0BD /* SwiftyJSON1.swift */,
				D41B18151B7155620016E0BD /* testauthors.json */,
				D41B18161B7155620016E0BD /* testmessages.json */,
				54FA16D71B72D31800A64DA1 /* testevents.json */,
				D426008A1B7BF36E00335CD9 /* DetailViewController.swift */,
				D420FB621B79493800137AA3 /* RegisterViewController.swift */,
				D426008C1B7C03E200335CD9 /* Main.storyboard */,
				D4CC0A6D1B7A693300A81CCF /* ContactsTableViewController.swift */,
				D86143E51B571DF100965D49 /* LaunchScreen.xib */,
				D86143B91B571A1D00965D49 /* AppDelegate.swift */,
				CFAE577F1B715B1700DC75A0 /* DataManager.swift */,
				D4BE88611B62B6240040E584 /* LoginViewController.swift */,
				D86143D91B571C6E00965D49 /* CenterViewController.swift */,
				D42600AC1B825B0400335CD9 /* addEventContoller.swift */,
				D86143DA1B571C6E00965D49 /* ContainerViewController.swift */,
				D86143DB1B571C6E00965D49 /* SidePanelViewController.swift */,
				D86143EB1B5720CB00965D49 /* ProfileViewController.swift */,
				D42E18731B6ACFE000DA2A31 /* CalendarViewController.swift */,
				6E65D9C31B6AE6E200D4388F /* Contacts2ViewController.swift */,
				CFAE57831B71629C00DC75A0 /* AppModel.swift */,
				6E65D9C51B6AE97C00D4388F /* FAQViewController.swift */,
				6E65D9C71B6AEBD500D4388F /* SettingsViewController.swift */,
				D497A6C81B66DB7900653999 /* EditViewController.swift */,
				D86143BB1B571A1D00965D49 /* ViewController.swift */,
				D42E18711B6A9A5100DA2A31 /* DBViewController.swift */,
				D492EC8C1B742FB000339821 /* FAQ.swift */,
				D86143C01B571A1D00965D49 /* Images.xcassets */,
				D86143C21B571A1D00965D49 /* LaunchScreen.xib */,
				D86143B71B571A1D00965D49 /* Supporting Files */,
			);
			path = "CDK Interns";
			sourceTree = "<group>";
		};
		D86143B71B571A1D00965D49 /* Supporting Files */ = {
			isa = PBXGroup;
			children = (
				D42600B01B82AE9400335CD9 /* add139.png */,
				D42600B11B82AE9400335CD9 /* email19.png */,
				D42600B21B82AE9400335CD9 /* message30.png */,
				D42600B31B82AE9400335CD9 /* pin56.png */,
				D42600B41B82AE9400335CD9 /* telephone5.png */,
				D42600AE1B82AE8300335CD9 /* Profile-Laughing-Circle-BIG.png */,
				D42600881B7BB56C00335CD9 /* animals-funny-cats.jpg */,
				D470598A1B79165500DBE83F /* CDK-Global-formerly-ADP.png */,
				D41B18291B72C3EF0016E0BD /* AddButton.png */,
				D492ECA61B74585300339821 /* backgroundwhiteblurred.jpg */,
				D492EC8E1B744BD400339821 /* Quicksand_Dash.otf */,
				D492EC8F1B744BD400339821 /* Quicksand-Bold.otf */,
				D492EC901B744BD400339821 /* Quicksand-BoldItalic.otf */,
				D492EC911B744BD400339821 /* Quicksand-Italic.otf */,
				D492EC921B744BD400339821 /* Quicksand-Light.otf */,
				D492EC931B744BD400339821 /* Quicksand-LightItalic.otf */,
				D492EC941B744BD400339821 /* Quicksand-Regular.otf */,
				6EBD33221B6BCA7300A82CB3 /* fdaa9272af90a3d76768e45e9fffe9a93519d59e.jpg */,
				D86143E91B571E8500965D49 /* CDK_Logo_TM_RGB_MinSize.png */,
				D86143E11B571CC600965D49 /* reveal-icon.png */,
				D86143E21B571CC600965D49 /* reveal-icon@2x.png */,
				D86143B81B571A1D00965D49 /* Info.plist */,
			);
			name = "Supporting Files";
			sourceTree = "<group>";
		};
		D86143CC1B571A1D00965D49 /* CDK InternsTests */ = {
			isa = PBXGroup;
			children = (
				D86143CF1B571A1D00965D49 /* CDK_InternsTests.swift */,
				D86143CD1B571A1D00965D49 /* Supporting Files */,
			);
			path = "CDK InternsTests";
			sourceTree = "<group>";
		};
		D86143CD1B571A1D00965D49 /* Supporting Files */ = {
			isa = PBXGroup;
			children = (
				D86143CE1B571A1D00965D49 /* Info.plist */,
			);
			name = "Supporting Files";
			sourceTree = "<group>";
		};
/* End PBXGroup section */

/* Begin PBXNativeTarget section */
		D86143B31B571A1D00965D49 /* CDK Interns */ = {
			isa = PBXNativeTarget;
			buildConfigurationList = D86143D31B571A1E00965D49 /* Build configuration list for PBXNativeTarget "CDK Interns" */;
			buildPhases = (
				D86143B01B571A1D00965D49 /* Sources */,
				D86143B11B571A1D00965D49 /* Frameworks */,
				D86143B21B571A1D00965D49 /* Resources */,
			);
			buildRules = (
			);
			dependencies = (
			);
			name = "CDK Interns";
			productName = "CDK Interns";
			productReference = D86143B41B571A1D00965D49 /* CDK Interns.app */;
			productType = "com.apple.product-type.application";
		};
		D86143C81B571A1D00965D49 /* CDK InternsTests */ = {
			isa = PBXNativeTarget;
			buildConfigurationList = D86143D61B571A1E00965D49 /* Build configuration list for PBXNativeTarget "CDK InternsTests" */;
			buildPhases = (
				D86143C51B571A1D00965D49 /* Sources */,
				D86143C61B571A1D00965D49 /* Frameworks */,
				D86143C71B571A1D00965D49 /* Resources */,
			);
			buildRules = (
			);
			dependencies = (
				D86143CB1B571A1D00965D49 /* PBXTargetDependency */,
			);
			name = "CDK InternsTests";
			productName = "CDK InternsTests";
			productReference = D86143C91B571A1D00965D49 /* CDK InternsTests.xctest */;
			productType = "com.apple.product-type.bundle.unit-test";
		};
/* End PBXNativeTarget section */

/* Begin PBXProject section */
		D86143AC1B571A1D00965D49 /* Project object */ = {
			isa = PBXProject;
			attributes = {
				LastUpgradeCheck = 0640;
				ORGANIZATIONNAME = "CDK Global, LLC";
				TargetAttributes = {
					D86143B31B571A1D00965D49 = {
						CreatedOnToolsVersion = 6.4;
						DevelopmentTeam = 4L4T8G873F;
					};
					D86143C81B571A1D00965D49 = {
						CreatedOnToolsVersion = 6.4;
						TestTargetID = D86143B31B571A1D00965D49;
					};
				};
			};
			buildConfigurationList = D86143AF1B571A1D00965D49 /* Build configuration list for PBXProject "CDK Interns" */;
			compatibilityVersion = "Xcode 3.2";
			developmentRegion = English;
			hasScannedForEncodings = 0;
			knownRegions = (
				en,
				Base,
			);
			mainGroup = D86143AB1B571A1D00965D49;
			productRefGroup = D86143B51B571A1D00965D49 /* Products */;
			projectDirPath = "";
			projectRoot = "";
			targets = (
				D86143B31B571A1D00965D49 /* CDK Interns */,
				D86143C81B571A1D00965D49 /* CDK InternsTests */,
			);
		};
/* End PBXProject section */

/* Begin PBXResourcesBuildPhase section */
		D86143B21B571A1D00965D49 /* Resources */ = {
			isa = PBXResourcesBuildPhase;
			buildActionMask = 2147483647;
			files = (
				D492ECA71B74585300339821 /* backgroundwhiteblurred.jpg in Resources */,
				D86143E61B571DF100965D49 /* LaunchScreen.xib in Resources */,
				D86143E41B571CC600965D49 /* reveal-icon@2x.png in Resources */,
				D86143C41B571A1D00965D49 /* LaunchScreen.xib in Resources */,
				D41B18171B7155620016E0BD /* testauthors.json in Resources */,
				D470598B1B79165500DBE83F /* CDK-Global-formerly-ADP.png in Resources */,
				6EBD33231B6BCA7300A82CB3 /* fdaa9272af90a3d76768e45e9fffe9a93519d59e.jpg in Resources */,
				D426008D1B7C03E200335CD9 /* Main.storyboard in Resources */,
				D42600B71B82AE9400335CD9 /* message30.png in Resources */,
				D42600AF1B82AE8300335CD9 /* Profile-Laughing-Circle-BIG.png in Resources */,
				D41B18181B7155620016E0BD /* testmessages.json in Resources */,
				D41B18181B7155620016E0BD /* testmessages.json in Resources */,
				D41B182B1B72C3EF0016E0BD /* AddButton.png in Resources */,
				D42600891B7BB56C00335CD9 /* animals-funny-cats.jpg in Resources */,
				D492EC9F1B744BD400339821 /* Quicksand-LightItalic.otf in Resources */,
				D41B18181B7155620016E0BD /* testmessages.json in Resources */,
				D41B18181B7155620016E0BD /* testmessages.json in Resources */,
				B10281F41B72E765000CCD42 /* CDK_Intern_app_Development.mobileprovision in Resources */,
				D492EC991B744BD400339821 /* Quicksand-BoldItalic.otf in Resources */,
				D86143C11B571A1D00965D49 /* Images.xcassets in Resources */,
				D41B18281B72C2290016E0BD /* backgroundwhiteblurred.jpg in Resources */,
				D86143EA1B571E8500965D49 /* CDK_Logo_TM_RGB_MinSize.png in Resources */,
				D42600B61B82AE9400335CD9 /* email19.png in Resources */,
				D42600B51B82AE9400335CD9 /* add139.png in Resources */,
				D86143E31B571CC600965D49 /* reveal-icon.png in Resources */,
				D492EC9D1B744BD400339821 /* Quicksand-Light.otf in Resources */,
				D492EC951B744BD400339821 /* Quicksand_Dash.otf in Resources */,
				D41B18271B72C2290016E0BD /* Background.jpg in Resources */,
				54FA16D81B72D31800A64DA1 /* testevents.json in Resources */,
				D492EC971B744BD400339821 /* Quicksand-Bold.otf in Resources */,
				D492ECA11B744BD400339821 /* Quicksand-Regular.otf in Resources */,
				D492EC9B1B744BD400339821 /* Quicksand-Italic.otf in Resources */,
				D42600B91B82AE9400335CD9 /* telephone5.png in Resources */,
				D42600B81B82AE9400335CD9 /* pin56.png in Resources */,
			);
			runOnlyForDeploymentPostprocessing = 0;
		};
		D86143C71B571A1D00965D49 /* Resources */ = {
			isa = PBXResourcesBuildPhase;
			buildActionMask = 2147483647;
			files = (
				D492EC981B744BD400339821 /* Quicksand-Bold.otf in Resources */,
				D492EC9C1B744BD400339821 /* Quicksand-Italic.otf in Resources */,
				D492EC961B744BD400339821 /* Quicksand_Dash.otf in Resources */,
				D492EC9A1B744BD400339821 /* Quicksand-BoldItalic.otf in Resources */,
				D492ECA21B744BD400339821 /* Quicksand-Regular.otf in Resources */,
				D492ECA81B74585300339821 /* backgroundwhiteblurred.jpg in Resources */,
				D492ECA01B744BD400339821 /* Quicksand-LightItalic.otf in Resources */,
				D492EC9E1B744BD400339821 /* Quicksand-Light.otf in Resources */,
			);
			runOnlyForDeploymentPostprocessing = 0;
		};
/* End PBXResourcesBuildPhase section */

/* Begin PBXSourcesBuildPhase section */
		D86143B01B571A1D00965D49 /* Sources */ = {
			isa = PBXSourcesBuildPhase;
			buildActionMask = 2147483647;
			files = (
				D426008B1B7BF36E00335CD9 /* DetailViewController.swift in Sources */,
				B1D6CD8C1B717C87003B4BCF /* AppDelegate.m in Sources */,
				D420FB601B791CA400137AA3 /* Locksmith.swift in Sources */,
				CFAE57921B72B16300DC75A0 /* Contact.swift in Sources */,
				D497A6C91B66DB7900653999 /* EditViewController.swift in Sources */,
				D42600AD1B825B0400335CD9 /* addEventContoller.swift in Sources */,
				B1D6CD801B717443003B4BCF /* MeetupManager.m in Sources */,
				D492EC8D1B742FB000339821 /* FAQ.swift in Sources */,
				D4CC0A6E1B7A693300A81CCF /* ContactsTableViewController.swift in Sources */,
				D4BE88621B62B6240040E584 /* LoginViewController.swift in Sources */,
				B1D6CD7A1B717314003B4BCF /* GroupBuilder.m in Sources */,
				B1D6CD871B717BA1003B4BCF /* DetailCell.m in Sources */,
				D86143EC1B5720CB00965D49 /* ProfileViewController.swift in Sources */,
				D42E18741B6ACFE000DA2A31 /* CalendarViewController.swift in Sources */,
				D41B18241B72ABB70016E0BD /* SwiftyJSON1.swift in Sources */,
				CFAE57941B72B19E00DC75A0 /* Message.swift in Sources */,
				54FA16DA1B7326AE00A64DA1 /* Event.swift in Sources */,
				D86143DC1B571C6E00965D49 /* CenterViewController.swift in Sources */,
				D86143BC1B571A1D00965D49 /* ViewController.swift in Sources */,
				B1D6CD891B717C25003B4BCF /* Group.m in Sources */,
				CFAE57801B715B1700DC75A0 /* DataManager.swift in Sources */,
				6E65D9C81B6AEBD500D4388F /* SettingsViewController.swift in Sources */,
				B17438EC1B716CD600C8D941 /* MeetupCommunicator.m in Sources */,
				B1D6CD831B71796F003B4BCF /* MasterViewController.m in Sources */,
				D420FB631B79493800137AA3 /* RegisterViewController.swift in Sources */,
				D86143DE1B571C6E00965D49 /* SidePanelViewController.swift in Sources */,
				D420FB611B791CA400137AA3 /* LocksmithRequest.swift in Sources */,
				D86143DD1B571C6E00965D49 /* ContainerViewController.swift in Sources */,
				CFAE57841B71629C00DC75A0 /* AppModel.swift in Sources */,
				6E65D9C41B6AE6E200D4388F /* Contacts2ViewController.swift in Sources */,
				6E65D9C61B6AE97C00D4388F /* FAQViewController.swift in Sources */,
				D42E18721B6A9A5100DA2A31 /* DBViewController.swift in Sources */,
				D86143BA1B571A1D00965D49 /* AppDelegate.swift in Sources */,
				B17438E81B71681400C8D941 /* Group.h in Sources */,
			);
			runOnlyForDeploymentPostprocessing = 0;
		};
		D86143C51B571A1D00965D49 /* Sources */ = {
			isa = PBXSourcesBuildPhase;
			buildActionMask = 2147483647;
			files = (
				D86143D01B571A1D00965D49 /* CDK_InternsTests.swift in Sources */,
			);
			runOnlyForDeploymentPostprocessing = 0;
		};
/* End PBXSourcesBuildPhase section */

/* Begin PBXTargetDependency section */
		D86143CB1B571A1D00965D49 /* PBXTargetDependency */ = {
			isa = PBXTargetDependency;
			target = D86143B31B571A1D00965D49 /* CDK Interns */;
			targetProxy = D86143CA1B571A1D00965D49 /* PBXContainerItemProxy */;
		};
/* End PBXTargetDependency section */

/* Begin PBXVariantGroup section */
		D86143C21B571A1D00965D49 /* LaunchScreen.xib */ = {
			isa = PBXVariantGroup;
			children = (
				D86143C31B571A1D00965D49 /* Base */,
			);
			name = LaunchScreen.xib;
			sourceTree = "<group>";
		};
/* End PBXVariantGroup section */

/* Begin XCBuildConfiguration section */
		D86143D11B571A1D00965D49 /* Debug */ = {
			isa = XCBuildConfiguration;
			buildSettings = {
				ALWAYS_SEARCH_USER_PATHS = NO;
				CLANG_CXX_LANGUAGE_STANDARD = "gnu++0x";
				CLANG_CXX_LIBRARY = "libc++";
				CLANG_ENABLE_MODULES = YES;
				CLANG_ENABLE_OBJC_ARC = YES;
				CLANG_WARN_BOOL_CONVERSION = YES;
				CLANG_WARN_CONSTANT_CONVERSION = YES;
				CLANG_WARN_DIRECT_OBJC_ISA_USAGE = YES_ERROR;
				CLANG_WARN_EMPTY_BODY = YES;
				CLANG_WARN_ENUM_CONVERSION = YES;
				CLANG_WARN_INT_CONVERSION = YES;
				CLANG_WARN_OBJC_ROOT_CLASS = YES_ERROR;
				CLANG_WARN_UNREACHABLE_CODE = YES;
				CLANG_WARN__DUPLICATE_METHOD_MATCH = YES;
				CODE_SIGN_IDENTITY = "iPhone Developer";
				"CODE_SIGN_IDENTITY[sdk=iphoneos*]" = "iPhone Developer";
				COPY_PHASE_STRIP = NO;
				DEBUG_INFORMATION_FORMAT = "dwarf-with-dsym";
				ENABLE_STRICT_OBJC_MSGSEND = YES;
				GCC_C_LANGUAGE_STANDARD = gnu99;
				GCC_DYNAMIC_NO_PIC = NO;
				GCC_NO_COMMON_BLOCKS = YES;
				GCC_OPTIMIZATION_LEVEL = 0;
				GCC_PREPROCESSOR_DEFINITIONS = (
					"DEBUG=1",
					"$(inherited)",
				);
				GCC_SYMBOLS_PRIVATE_EXTERN = NO;
				GCC_WARN_64_TO_32_BIT_CONVERSION = YES;
				GCC_WARN_ABOUT_RETURN_TYPE = YES_ERROR;
				GCC_WARN_UNDECLARED_SELECTOR = YES;
				GCC_WARN_UNINITIALIZED_AUTOS = YES_AGGRESSIVE;
				GCC_WARN_UNUSED_FUNCTION = YES;
				GCC_WARN_UNUSED_VARIABLE = YES;
				IPHONEOS_DEPLOYMENT_TARGET = 8.4;
				MTL_ENABLE_DEBUG_INFO = YES;
				ONLY_ACTIVE_ARCH = YES;
				PROVISIONING_PROFILE = "76868518-eff8-442a-a47b-bb068b91a2fc";
				SDKROOT = iphoneos;
				SWIFT_OPTIMIZATION_LEVEL = "-Onone";
				TARGETED_DEVICE_FAMILY = "1,2";
			};
			name = Debug;
		};
		D86143D21B571A1D00965D49 /* Release */ = {
			isa = XCBuildConfiguration;
			buildSettings = {
				ALWAYS_SEARCH_USER_PATHS = NO;
				CLANG_CXX_LANGUAGE_STANDARD = "gnu++0x";
				CLANG_CXX_LIBRARY = "libc++";
				CLANG_ENABLE_MODULES = YES;
				CLANG_ENABLE_OBJC_ARC = YES;
				CLANG_WARN_BOOL_CONVERSION = YES;
				CLANG_WARN_CONSTANT_CONVERSION = YES;
				CLANG_WARN_DIRECT_OBJC_ISA_USAGE = YES_ERROR;
				CLANG_WARN_EMPTY_BODY = YES;
				CLANG_WARN_ENUM_CONVERSION = YES;
				CLANG_WARN_INT_CONVERSION = YES;
				CLANG_WARN_OBJC_ROOT_CLASS = YES_ERROR;
				CLANG_WARN_UNREACHABLE_CODE = YES;
				CLANG_WARN__DUPLICATE_METHOD_MATCH = YES;
				CODE_SIGN_IDENTITY = "iPhone Developer";
				"CODE_SIGN_IDENTITY[sdk=iphoneos*]" = "iPhone Developer";
				COPY_PHASE_STRIP = NO;
				DEBUG_INFORMATION_FORMAT = "dwarf-with-dsym";
				ENABLE_NS_ASSERTIONS = NO;
				ENABLE_STRICT_OBJC_MSGSEND = YES;
				GCC_C_LANGUAGE_STANDARD = gnu99;
				GCC_NO_COMMON_BLOCKS = YES;
				GCC_WARN_64_TO_32_BIT_CONVERSION = YES;
				GCC_WARN_ABOUT_RETURN_TYPE = YES_ERROR;
				GCC_WARN_UNDECLARED_SELECTOR = YES;
				GCC_WARN_UNINITIALIZED_AUTOS = YES_AGGRESSIVE;
				GCC_WARN_UNUSED_FUNCTION = YES;
				GCC_WARN_UNUSED_VARIABLE = YES;
				IPHONEOS_DEPLOYMENT_TARGET = 8.4;
				MTL_ENABLE_DEBUG_INFO = NO;
				ONLY_ACTIVE_ARCH = YES;
				PROVISIONING_PROFILE = "76868518-eff8-442a-a47b-bb068b91a2fc";
				SDKROOT = iphoneos;
				TARGETED_DEVICE_FAMILY = "1,2";
				VALIDATE_PRODUCT = YES;
			};
			name = Release;
		};
		D86143D41B571A1E00965D49 /* Debug */ = {
			isa = XCBuildConfiguration;
			buildSettings = {
				ASSETCATALOG_COMPILER_APPICON_NAME = AppIcon;
				CLANG_ENABLE_MODULES = YES;
				CODE_SIGN_IDENTITY = "iPhone Developer";
				"CODE_SIGN_IDENTITY[sdk=iphoneos*]" = "iPhone Developer";
				DEFINES_MODULE = YES;
				FRAMEWORK_SEARCH_PATHS = (
					"$(inherited)",
					"/Users/olsons/Downloads/parse-library-1.7.5",
					"$(PROJECT_DIR)",
					"/Users/olsons/Desktop/parse-library-1.7.5",
					9.54.17,
					AM,
					"$(PROJECT_DIR)/parse-library-1.7.5",
					9.54.17,
					AM,
				);
				INFOPLIST_FILE = "CDK Interns/Info.plist";
				IPHONEOS_DEPLOYMENT_TARGET = 8.4;
				LD_RUNPATH_SEARCH_PATHS = "$(inherited) @executable_path/Frameworks";
				PRODUCT_NAME = "$(TARGET_NAME)";
				PROVISIONING_PROFILE = "";
				SWIFT_OBJC_BRIDGING_HEADER = "./CDK Interns/CDK Interns-Bridging-Header.h";
				SWIFT_OPTIMIZATION_LEVEL = "-Onone";
				TARGETED_DEVICE_FAMILY = "1,2";
			};
			name = Debug;
		};
		D86143D51B571A1E00965D49 /* Release */ = {
			isa = XCBuildConfiguration;
			buildSettings = {
				ASSETCATALOG_COMPILER_APPICON_NAME = AppIcon;
				CLANG_ENABLE_MODULES = YES;
				CODE_SIGN_IDENTITY = "iPhone Developer";
				"CODE_SIGN_IDENTITY[sdk=iphoneos*]" = "iPhone Developer";
				DEFINES_MODULE = YES;
				FRAMEWORK_SEARCH_PATHS = (
					"$(inherited)",
					"/Users/olsons/Downloads/parse-library-1.7.5",
					"$(PROJECT_DIR)",
					"/Users/olsons/Desktop/parse-library-1.7.5",
					9.54.17,
					AM,
					"$(PROJECT_DIR)/parse-library-1.7.5",
					9.54.17,
					AM,
				);
				INFOPLIST_FILE = "CDK Interns/Info.plist";
				IPHONEOS_DEPLOYMENT_TARGET = 8.4;
				LD_RUNPATH_SEARCH_PATHS = "$(inherited) @executable_path/Frameworks";
				PRODUCT_NAME = "$(TARGET_NAME)";
				PROVISIONING_PROFILE = "";
				SWIFT_OBJC_BRIDGING_HEADER = "./CDK Interns/CDK Interns-Bridging-Header.h";
				TARGETED_DEVICE_FAMILY = "1,2";
			};
			name = Release;
		};
		D86143D71B571A1E00965D49 /* Debug */ = {
			isa = XCBuildConfiguration;
			buildSettings = {
				BUNDLE_LOADER = "$(TEST_HOST)";
				FRAMEWORK_SEARCH_PATHS = (
					"$(SDKROOT)/Developer/Library/Frameworks",
					"$(inherited)",
				);
				GCC_PREPROCESSOR_DEFINITIONS = (
					"DEBUG=1",
					"$(inherited)",
				);
				INFOPLIST_FILE = "CDK InternsTests/Info.plist";
				LD_RUNPATH_SEARCH_PATHS = "$(inherited) @executable_path/Frameworks @loader_path/Frameworks";
				PRODUCT_NAME = "$(TARGET_NAME)";
				TEST_HOST = "$(BUILT_PRODUCTS_DIR)/CDK Interns.app/CDK Interns";
			};
			name = Debug;
		};
		D86143D81B571A1E00965D49 /* Release */ = {
			isa = XCBuildConfiguration;
			buildSettings = {
				BUNDLE_LOADER = "$(TEST_HOST)";
				FRAMEWORK_SEARCH_PATHS = (
					"$(SDKROOT)/Developer/Library/Frameworks",
					"$(inherited)",
				);
				INFOPLIST_FILE = "CDK InternsTests/Info.plist";
				LD_RUNPATH_SEARCH_PATHS = "$(inherited) @executable_path/Frameworks @loader_path/Frameworks";
				PRODUCT_NAME = "$(TARGET_NAME)";
				TEST_HOST = "$(BUILT_PRODUCTS_DIR)/CDK Interns.app/CDK Interns";
			};
			name = Release;
		};
/* End XCBuildConfiguration section */

/* Begin XCConfigurationList section */
		D86143AF1B571A1D00965D49 /* Build configuration list for PBXProject "CDK Interns" */ = {
			isa = XCConfigurationList;
			buildConfigurations = (
				D86143D11B571A1D00965D49 /* Debug */,
				D86143D21B571A1D00965D49 /* Release */,
			);
			defaultConfigurationIsVisible = 0;
			defaultConfigurationName = Release;
		};
		D86143D31B571A1E00965D49 /* Build configuration list for PBXNativeTarget "CDK Interns" */ = {
			isa = XCConfigurationList;
			buildConfigurations = (
				D86143D41B571A1E00965D49 /* Debug */,
				D86143D51B571A1E00965D49 /* Release */,
			);
			defaultConfigurationIsVisible = 0;
			defaultConfigurationName = Release;
		};
		D86143D61B571A1E00965D49 /* Build configuration list for PBXNativeTarget "CDK InternsTests" */ = {
			isa = XCConfigurationList;
			buildConfigurations = (
				D86143D71B571A1E00965D49 /* Debug */,
				D86143D81B571A1E00965D49 /* Release */,
			);
			defaultConfigurationIsVisible = 0;
			defaultConfigurationName = Release;
		};
/* End XCConfigurationList section */
	};
	rootObject = D86143AC1B571A1D00965D49 /* Project object */;
}
